
Microsoft Visual Studio Solution File, Format Version 11.00
# Visual Studio 2010
Project("{FAE04EC0-301F-11D3-BF4B-00C04F79EFBC}") = "NotifyMyWindowsPhoneClient", "NotifyMyWindowsPhoneClient.csproj", "{9C26B401-FB24-4D5B-B7C0-D36C4E45AB13}"
EndProject
Project("{FAE04EC0-301F-11D3-BF4B-00C04F79EFBC}") = "Test", "..\Test\Test.csproj", "{E8D44C36-8B18-44E9-A61E-8AAFB46AD3D6}"
EndProject
Global
	GlobalSection(SolutionConfigurationPlatforms) = preSolution
		Debug|Any CPU = Debug|Any CPU
		Debug|Mixed Platforms = Debug|Mixed Platforms
		Debug|x86 = Debug|x86
		Release|Any CPU = Release|Any CPU
		Release|Mixed Platforms = Release|Mixed Platforms
		Release|x86 = Release|x86
	EndGlobalSection
	GlobalSection(ProjectConfigurationPlatforms) = postSolution
		{9C26B401-FB24-4D5B-B7C0-D36C4E45AB13}.Debug|Any CPU.ActiveCfg = Debug|Any CPU
		{9C26B401-FB24-4D5B-B7C0-D36C4E45AB13}.Debug|Any CPU.Build.0 = Debug|Any CPU
		{9C26B401-FB24-4D5B-B7C0-D36C4E45AB13}.Debug|Mixed Platforms.ActiveCfg = Debug|Any CPU
		{9C26B401-FB24-4D5B-B7C0-D36C4E45AB13}.Debug|Mixed Platforms.Build.0 = Debug|Any CPU
		{9C26B401-FB24-4D5B-B7C0-D36C4E45AB13}.Debug|x86.ActiveCfg = Debug|Any CPU
		{9C26B401-FB24-4D5B-B7C0-D36C4E45AB13}.Release|Any CPU.ActiveCfg = Release|Any CPU
		{9C26B401-FB24-4D5B-B7C0-D36C4E45AB13}.Release|Any CPU.Build.0 = Release|Any CPU
		{9C26B401-FB24-4D5B-B7C0-D36C4E45AB13}.Release|Mixed Platforms.ActiveCfg = Release|Any CPU
		{9C26B401-FB24-4D5B-B7C0-D36C4E45AB13}.Release|Mixed Platforms.Build.0 = Release|Any CPU
		{9C26B401-FB24-4D5B-B7C0-D36C4E45AB13}.Release|x86.ActiveCfg = Release|Any CPU
		{E8D44C36-8B18-44E9-A61E-8AAFB46AD3D6}.Debug|Any CPU.ActiveCfg = Debug|x86
		{E8D44C36-8B18-44E9-A61E-8AAFB46AD3D6}.Debug|Mixed Platforms.ActiveCfg = Debug|x86
		{E8D44C36-8B18-44E9-A61E-8AAFB46AD3D6}.Debug|Mixed Platforms.Build.0 = Debug|x86
		{E8D44C36-8B18-44E9-A61E-8AAFB46AD3D6}.Debug|x86.ActiveCfg = Debug|x86
		{E8D44C36-8B18-44E9-A61E-8AAFB46AD3D6}.Debug|x86.Build.0 = Debug|x86
		{E8D44C36-8B18-44E9-A61E-8AAFB46AD3D6}.Release|Any CPU.ActiveCfg = Release|x86
		{E8D44C36-8B18-44E9-A61E-8AAFB46AD3D6}.Release|Mixed Platforms.ActiveCfg = Release|x86
		{E8D44C36-8B18-44E9-A61E-8AAFB46AD3D6}.Release|Mixed Platforms.Build.0 = Release|x86
		{E8D44C36-8B18-44E9-A61E-8AAFB46AD3D6}.Release|x86.ActiveCfg = Release|x86
		{E8D44C36-8B18-44E9-A61E-8AAFB46AD3D6}.Release|x86.Build.0 = Release|x86
	EndGlobalSection
	GlobalSection(SolutionProperties) = preSolution
		HideSolutionNode = FALSE
	EndGlobalSection
EndGlobal
